<?xml version="1.0" encoding="utf-8"?>
<Project ToolsVersion="4.0" xmlns="http://schemas.microsoft.com/developer/msbuild/2003">
  <ItemGroup>
    <Filter Include="Source Files">
      <UniqueIdentifier>{4FC737F1-C7A5-4376-A066-2A32D752A2FF}</UniqueIdentifier>
      <Extensions>cpp;c;cc;cxx;def;odl;idl;hpj;bat;asm;asmx</Extensions>
    </Filter>
    <Filter Include="Header Files">
      <UniqueIdentifier>{93995380-89BD-4b04-88EB-625FBE52EBFB}</UniqueIdentifier>
      <Extensions>h;hh;hpp;hxx;hm;inl;inc;ipp;xsd</Extensions>
    </Filter>
    <Filter Include="Resource Files">
      <UniqueIdentifier>{67DA6AB6-F800-4c08-8B7A-83BB121AAD01}</UniqueIdentifier>
      <Extensions>rc;ico;cur;bmp;dlg;rc2;rct;bin;rgs;gif;jpg;jpeg;jpe;resx;tiff;tif;png;wav;mfcribbon-ms</Extensions>
    </Filter>
    <Filter Include="Source Files\FEMSimObj">
      <UniqueIdentifier>{9658d128-ceeb-4ecb-980f-29db3ec5883a}</UniqueIdentifier>
    </Filter>
    <Filter Include="Source Files\Constraint">
      <UniqueIdentifier>{f71fa7f2-effb-4038-a89c-43d66bf21ecc}</UniqueIdentifier>
    </Filter>
    <Filter Include="Source Files\Mesh">
      <UniqueIdentifier>{555b4f7a-2ff5-41ca-97f9-ffb411d70d24}</UniqueIdentifier>
    </Filter>
    <Filter Include="Source Files\Math">
      <UniqueIdentifier>{84b65e0e-6e59-4bf5-8363-fe9bedf23787}</UniqueIdentifier>
    </Filter>
  </ItemGroup>
  <ItemGroup>
    <None Include="packages.config" />
    <None Include="oneTet\oneTetRest.tet" />
  </ItemGroup>
  <ItemGroup>
    <ClCompile Include="main.cpp">
      <Filter>Source Files</Filter>
    </ClCompile>
    <ClCompile Include="Mesh.cpp">
      <Filter>Source Files\Mesh</Filter>
    </ClCompile>
    <ClCompile Include="MeshLoader.cpp">
      <Filter>Source Files\Mesh</Filter>
    </ClCompile>
    <ClCompile Include="MathHeaders.cpp">
      <Filter>Source Files\Math</Filter>
    </ClCompile>
    <ClCompile Include="FEMSimObj.cpp">
      <Filter>Source Files\FEMSimObj</Filter>
    </ClCompile>
    <ClCompile Include="Constraint.cpp">
      <Filter>Source Files\Constraint</Filter>
    </ClCompile>
    <ClCompile Include="TetConstraint.cpp">
      <Filter>Source Files\Constraint</Filter>
    </ClCompile>
    <ClCompile Include="CollisionConstraint.cpp">
      <Filter>Source Files\Constraint</Filter>
    </ClCompile>
  </ItemGroup>
  <ItemGroup>
    <ClInclude Include="FEMSimObj.h">
      <Filter>Source Files\FEMSimObj</Filter>
    </ClInclude>
    <ClInclude Include="MeshLoader.h">
      <Filter>Source Files\Mesh</Filter>
    </ClInclude>
    <ClInclude Include="Mesh.h">
      <Filter>Source Files\Mesh</Filter>
    </ClInclude>
    <ClInclude Include="MathHeaders.h">
      <Filter>Source Files\Math</Filter>
    </ClInclude>
    <ClInclude Include="Constraint.h">
      <Filter>Source Files\Constraint</Filter>
    </ClInclude>
  </ItemGroup>
  <ItemGroup>
    <Text Include="test.txt">
      <Filter>Source Files</Filter>
    </Text>
  </ItemGroup>
</Project>